// !$*UTF8*$!
{
	archiveVersion = 1;
	classes = {
	};
	objectVersion = 46;
	objects = {

/* Begin PBXBuildFile section */
		7839014D1D5D02FB0056095B /* AppDelegate.swift in Sources */ = {isa = PBXBuildFile; fileRef = 7839014C1D5D02FB0056095B /* AppDelegate.swift */; };
		7839014F1D5D02FB0056095B /* ViewController.swift in Sources */ = {isa = PBXBuildFile; fileRef = 7839014E1D5D02FB0056095B /* ViewController.swift */; };
		783901521D5D02FB0056095B /* Main.storyboard in Resources */ = {isa = PBXBuildFile; fileRef = 783901501D5D02FB0056095B /* Main.storyboard */; };
		783901541D5D02FB0056095B /* Assets.xcassets in Resources */ = {isa = PBXBuildFile; fileRef = 783901531D5D02FB0056095B /* Assets.xcassets */; };
		783901571D5D02FB0056095B /* LaunchScreen.storyboard in Resources */ = {isa = PBXBuildFile; fileRef = 783901551D5D02FB0056095B /* LaunchScreen.storyboard */; };
/* End PBXBuildFile section */

/* Begin PBXFileReference section */
		783901491D5D02FB0056095B /* menuBars.app */ = {isa = PBXFileReference; explicitFileType = wrapper.application; includeInIndex = 0; path = menuBars.app; sourceTree = BUILT_PRODUCTS_DIR; };
		7839014C1D5D02FB0056095B /* AppDelegate.swift */ = {isa = PBXFileReference; lastKnownFileType = sourcecode.swift; path = AppDelegate.swift; sourceTree = "<group>"; };
		7839014E1D5D02FB0056095B /* ViewController.swift */ = {isa = PBXFileReference; lastKnownFileType = sourcecode.swift; path = ViewController.swift; sourceTree = "<group>"; };
		783901511D5D02FB0056095B /* Base */ = {isa = PBXFileReference; lastKnownFileType = file.storyboard; name = Base; path = Base.lproj/Main.storyboard; sourceTree = "<group>"; };
		783901531D5D02FB0056095B /* Assets.xcassets */ = {isa = PBXFileReference; lastKnownFileType = folder.assetcatalog; path = Assets.xcassets; sourceTree = "<group>"; };
		783901561D5D02FB0056095B /* Base */ = {isa = PBXFileReference; lastKnownFileType = file.storyboard; name = Base; path = Base.lproj/LaunchScreen.storyboard; sourceTree = "<group>"; };
		783901581D5D02FB0056095B /* Info.plist */ = {isa = PBXFileReference; lastKnownFileType = text.plist.xml; path = Info.plist; sourceTree = "<group>"; };
/* End PBXFileReference section */

/* Begin PBXFrameworksBuildPhase section */
		783901461D5D02FB0056095B /* Frameworks */ = {
			isa = PBXFrameworksBuildPhase;
			buildActionMask = 2147483647;
			files = (
			);
			runOnlyForDeploymentPostprocessing = 0;
		};
/* End PBXFrameworksBuildPhase section */

/* Begin PBXGroup section */
		783901401D5D02FB0056095B = {
			isa = PBXGroup;
			children = (
				7839014B1D5D02FB0056095B /* menuBars */,
				7839014A1D5D02FB0056095B /* Products */,
			);
			sourceTree = "<group>";
		};
		7839014A1D5D02FB0056095B /* Products */ = {
			isa = PBXGroup;
			children = (
				783901491D5D02FB0056095B /* menuBars.app */,
			);
			name = Products;
			sourceTree = "<group>";
		};
		7839014B1D5D02FB0056095B /* menuBars */ = {
			isa = PBXGroup;
			children = (
				7839014C1D5D02FB0056095B /* AppDelegate.swift */,
				7839014E1D5D02FB0056095B /* ViewController.swift */,
				783901501D5D02FB0056095B /* Main.storyboard */,
				783901531D5D02FB0056095B /* Assets.xcassets */,
				783901551D5D02FB0056095B /* LaunchScreen.storyboard */,
				783901581D5D02FB0056095B /* Info.plist */,
			);
			path = menuBars;
			sourceTree = "<group>";
		};
/* End PBXGroup section */

/* Begin PBXNativeTarget section */
		783901481D5D02FB0056095B /* menuBars */ = {
			isa = PBXNativeTarget;
			buildConfigurationList = 7839015B1D5D02FB0056095B /* Build configuration list for PBXNativeTarget "menuBars" */;
			buildPhases = (
				783901451D5D02FB0056095B /* Sources */,
				783901461D5D02FB0056095B /* Frameworks */,
				783901471D5D02FB0056095B /* Resources */,
			);
			buildRules = (
			);
			dependencies = (
			);
			name = menuBars;
			productName = menuBars;
			productReference = 783901491D5D02FB0056095B /* menuBars.app */;
			productType = "com.apple.product-type.application";
		};
/* End PBXNativeTarget section */

/* Begin PBXProject section */
		783901411D5D02FB0056095B /* Project object */ = {
			isa = PBXProject;
			attributes = {
				LastSwiftUpdateCheck = 0800;
				LastUpgradeCheck = 0800;
				ORGANIZATIONNAME = Divye;
				TargetAttributes = {
					783901481D5D02FB0056095B = {
						CreatedOnToolsVersion = 8.0;
						ProvisioningStyle = Automatic;
					};
				};
			};
			buildConfigurationList = 783901441D5D02FB0056095B /* Build configuration list for PBXProject "menuBars" */;
			compatibilityVersion = "Xcode 3.2";
			developmentRegion = English;
			hasScannedForEncodings = 0;
			knownRegions = (
				en,
				Base,
			);
			mainGroup = 783901401D5D02FB0056095B;
			productRefGroup = 7839014A1D5D02FB0056095B /* Products */;
			projectDirPath = "";
			projectRoot = "";
			targets = (
				783901481D5D02FB0056095B /* menuBars */,
			);
		};
/* End PBXProject section */

/* Begin PBXResourcesBuildPhase section */
		783901471D5D02FB0056095B /* Resources */ = {
			isa = PBXResourcesBuildPhase;
			buildActionMask = 2147483647;
			files = (
				783901571D5D02FB0056095B /* LaunchScreen.storyboard in Resources */,
				783901541D5D02FB0056095B /* Assets.xcassets in Resources */,
				783901521D5D02FB0056095B /* Main.storyboard in Resources */,
			);
			runOnlyForDeploymentPostprocessing = 0;
		};
/* End PBXResourcesBuildPhase section */

/* Begin PBXSourcesBuildPhase section */
		783901451D5D02FB0056095B /* Sources */ = {
			isa = PBXSourcesBuildPhase;
			buildActionMask = 2147483647;
			files = (
				7839014F1D5D02FB0056095B /* ViewController.swift in Sources */,
				7839014D1D5D02FB0056095B /* AppDelegate.swift in Sources */,
			);
			runOnlyForDeploymentPostprocessing = 0;
		};
/* End PBXSourcesBuildPhase section */

/* Begin PBXVariantGroup section */
		783901501D5D02FB0056095B /* Main.storyboard */ = {
			isa = PBXVariantGroup;
			children = (
				783901511D5D02FB0056095B /* Base */,
			);
			name = Main.storyboard;
			sourceTree = "<group>";
		};
		783901551D5D02FB0056095B /* LaunchScreen.storyboard */ = {
			isa = PBXVariantGroup;
			children = (
				783901561D5D02FB0056095B /* Base */,
			);
			name = LaunchScreen.storyboard;
			sourceTree = "<group>";
		};
/* End PBXVariantGroup section */

/* Begin XCBuildConfiguration section */
		783901591D5D02FB0056095B /* Debug */ = {
			isa = XCBuildConfiguration;
			buildSettings = {
				ALWAYS_SEARCH_USER_PATHS = NO;
				CLANG_ANALYZER_NONNULL = YES;
				CLANG_CXX_LANGUAGE_STANDARD = "gnu++0x";
				CLANG_CXX_LIBRARY = "libc++";
				CLANG_ENABLE_MODULES = YES;
				CLANG_ENABLE_OBJC_ARC = YES;
				CLANG_WARN_BOOL_CONVERSION = YES;
				CLANG_WARN_CONSTANT_CONVERSION = YES;
				CLANG_WARN_DIRECT_OBJC_ISA_USAGE = YES_ERROR;
				CLANG_WARN_DOCUMENTATION_COMMENTS = YES;
				CLANG_WARN_EMPTY_BODY = YES;
				CLANG_WARN_ENUM_CONVERSION = YES;
				CLANG_WARN_INFINITE_RECURSION = YES;
				CLANG_WARN_INT_CONVERSION = YES;
				CLANG_WARN_OBJC_ROOT_CLASS = YES_ERROR;
				CLANG_WARN_SUSPICIOUS_MOVES = YES;
				CLANG_WARN_UNREACHABLE_CODE = YES;
				CLANG_WARN__DUPLICATE_METHOD_MATCH = YES;
				"CODE_SIGN_IDENTITY[sdk=iphoneos*]" = "iPhone Developer";
				COPY_PHASE_STRIP = NO;
				DEBUG_INFORMATION_FORMAT = dwarf;
				ENABLE_STRICT_OBJC_MSGSEND = YES;
				ENABLE_TESTABILITY = YES;
				GCC_C_LANGUAGE_STANDARD = gnu99;
				GCC_DYNAMIC_NO_PIC = NO;
				GCC_NO_COMMON_BLOCKS = YES;
				GCC_OPTIMIZATION_LEVEL = 0;
				GCC_PREPROCESSOR_DEFINITIONS = (
					"DEBUG=1",
					"$(inherited)",
				);
				GCC_WARN_64_TO_32_BIT_CONVERSION = YES;
				GCC_WARN_ABOUT_RETURN_TYPE = YES_ERROR;
				GCC_WARN_UNDECLARED_SELECTOR = YES;
				GCC_WARN_UNINITIALIZED_AUTOS = YES_AGGRESSIVE;
				GCC_WARN_UNUSED_FUNCTION = YES;
				GCC_WARN_UNUSED_VARIABLE = YES;
				IPHONEOS_DEPLOYMENT_TARGET = 10.0;
				MTL_ENABLE_DEBUG_INFO = YES;
				ONLY_ACTIVE_ARCH = YES;
				SDKROOT = iphoneos;
				SWIFT_ACTIVE_COMPILATION_CONDITIONS = DEBUG;
				SWIFT_OPTIMIZATION_LEVEL = "-Onone";
			};
			name = Debug;
		};
		7839015A1D5D02FB0056095B /* Release */ = {
			isa = XCBuildConfiguration;
			buildSettings = {
				ALWAYS_SEARCH_USER_PATHS = NO;
				CLANG_ANALYZER_NONNULL = YES;
				CLANG_CXX_LANGUAGE_STANDARD = "gnu++0x";
				CLANG_CXX_LIBRARY = "libc++";
				CLANG_ENABLE_MODULES = YES;
				CLANG_ENABLE_OBJC_ARC = YES;
				CLANG_WARN_BOOL_CONVERSION = YES;
				CLANG_WARN_CONSTANT_CONVERSION = YES;
				CLANG_WARN_DIRECT_OBJC_ISA_USAGE = YES_ERROR;
				CLANG_WARN_DOCUMENTATION_COMMENTS = YES;
				CLANG_WARN_EMPTY_BODY = YES;
				CLANG_WARN_ENUM_CONVERSION = YES;
				CLANG_WARN_INFINITE_RECURSION = YES;
				CLANG_WARN_INT_CONVERSION = YES;
				CLANG_WARN_OBJC_ROOT_CLASS = YES_ERROR;
				CLANG_WARN_SUSPICIOUS_MOVES = YES;
				CLANG_WARN_UNREACHABLE_CODE = YES;
				CLANG_WARN__DUPLICATE_METHOD_MATCH = YES;
				"CODE_SIGN_IDENTITY[sdk=iphoneos*]" = "iPhone Developer";
				COPY_PHASE_STRIP = NO;
				DEBUG_INFORMATION_FORMAT = "dwarf-with-dsym";
				ENABLE_NS_ASSERTIONS = NO;
				ENABLE_STRICT_OBJC_MSGSEND = YES;
				GCC_C_LANGUAGE_STANDARD = gnu99;
				GCC_NO_COMMON_BLOCKS = YES;
				GCC_WARN_64_TO_32_BIT_CONVERSION = YES;
				GCC_WARN_ABOUT_RETURN_TYPE = YES_ERROR;
				GCC_WARN_UNDECLARED_SELECTOR = YES;
				GCC_WARN_UNINITIALIZED_AUTOS = YES_AGGRESSIVE;
				GCC_WARN_UNUSED_FUNCTION = YES;
				GCC_WARN_UNUSED_VARIABLE = YES;
				IPHONEOS_DEPLOYMENT_TARGET = 10.0;
				MTL_ENABLE_DEBUG_INFO = NO;
				SDKROOT = iphoneos;
				SWIFT_OPTIMIZATION_LEVEL = "-Owholemodule";
				VALIDATE_PRODUCT = YES;
			};
			name = Release;
		};
		7839015C1D5D02FB0056095B /* Debug */ = {
			isa = XCBuildConfiguration;
			buildSettings = {
				ASSETCATALOG_COMPILER_APPICON_NAME = AppIcon;
				INFOPLIST_FILE = menuBars/Info.plist;
				LD_RUNPATH_SEARCH_PATHS = "$(inherited) @executable_path/Frameworks";
				PRODUCT_BUNDLE_IDENTIFIER = com.divye.menuBars;
				PRODUCT_NAME = "$(TARGET_NAME)";
				SWIFT_VERSION = 3.0;
			};
			name = Debug;
		};
		7839015D1D5D02FB0056095B /* Release */ = {
			isa = XCBuildConfiguration;
			buildSettings = {
				ASSETCATALOG_COMPILER_APPICON_NAME = AppIcon;
				INFOPLIST_FILE = menuBars/Info.plist;
				LD_RUNPATH_SEARCH_PATHS = "$(inherited) @executable_path/Frameworks";
				PRODUCT_BUNDLE_IDENTIFIER = com.divye.menuBars;
				PRODUCT_NAME = "$(TARGET_NAME)";
				SWIFT_VERSION = 3.0;
			};
			name = Release;
		};
/* End XCBuildConfiguration section */

/* Begin XCConfigurationList section */
		783901441D5D02FB0056095B /* Build configuration list for PBXProject "menuBars" */ = {
			isa = XCConfigurationList;
			buildConfigurations = (
				783901591D5D02FB0056095B /* Debug */,
				7839015A1D5D02FB0056095B /* Release */,
			);
			defaultConfigurationIsVisible = 0;
			defaultConfigurationName = Release;
		};
		7839015B1D5D02FB0056095B /* Build configuration list for PBXNativeTarget "menuBars" */ = {
			isa = XCConfigurationList;
			buildConfigurations = (
				7839015C1D5D02FB0056095B /* Debug */,
				7839015D1D5D02FB0056095B /* Release */,
			);
			defaultConfigurationIsVisible = 0;
		};
/* End XCConfigurationList section */
	};
	rootObject = 783901411D5D02FB0056095B /* Project object */;
}
